
Microsoft Visual Studio Solution File, Format Version 12.00
# Visual Studio Version 17
VisualStudioVersion = 17.3.32922.545
MinimumVisualStudioVersion = 10.0.40219.1
Project("{FAE04EC0-301F-11D3-BF4B-00C04F79EFBC}") = "A_DAL", "A_DAL\A_DAL.csproj", "{A3F14B86-6D88-4556-9E37-5E11298629DF}"
EndProject
Project("{FAE04EC0-301F-11D3-BF4B-00C04F79EFBC}") = "B_BUS", "B_BUS\B_BUS.csproj", "{3C2025C8-62B5-469F-92D3-90401059076B}"
EndProject
Project("{FAE04EC0-301F-11D3-BF4B-00C04F79EFBC}") = "C_PRL", "C_PRL\C_PRL.csproj", "{0320C3D2-1276-4578-AE5C-CE81FAF988A6}"
EndProject
Global
	GlobalSection(SolutionConfigurationPlatforms) = preSolution
		Debug|Any CPU = Debug|Any CPU
		Release|Any CPU = Release|Any CPU
	EndGlobalSection
	GlobalSection(ProjectConfigurationPlatforms) = postSolution
		{A3F14B86-6D88-4556-9E37-5E11298629DF}.Debug|Any CPU.ActiveCfg = Debug|Any CPU
		{A3F14B86-6D88-4556-9E37-5E11298629DF}.Debug|Any CPU.Build.0 = Debug|Any CPU
		{A3F14B86-6D88-4556-9E37-5E11298629DF}.Release|Any CPU.ActiveCfg = Release|Any CPU
		{A3F14B86-6D88-4556-9E37-5E11298629DF}.Release|Any CPU.Build.0 = Release|Any CPU
		{3C2025C8-62B5-469F-92D3-90401059076B}.Debug|Any CPU.ActiveCfg = Debug|Any CPU
		{3C2025C8-62B5-469F-92D3-90401059076B}.Debug|Any CPU.Build.0 = Debug|Any CPU
		{3C2025C8-62B5-469F-92D3-90401059076B}.Release|Any CPU.ActiveCfg = Release|Any CPU
		{3C2025C8-62B5-469F-92D3-90401059076B}.Release|Any CPU.Build.0 = Release|Any CPU
		{0320C3D2-1276-4578-AE5C-CE81FAF988A6}.Debug|Any CPU.ActiveCfg = Debug|Any CPU
		{0320C3D2-1276-4578-AE5C-CE81FAF988A6}.Debug|Any CPU.Build.0 = Debug|Any CPU
		{0320C3D2-1276-4578-AE5C-CE81FAF988A6}.Release|Any CPU.ActiveCfg = Release|Any CPU
		{0320C3D2-1276-4578-AE5C-CE81FAF988A6}.Release|Any CPU.Build.0 = Release|Any CPU
	EndGlobalSection
	GlobalSection(SolutionProperties) = preSolution
		HideSolutionNode = FALSE
	EndGlobalSection
	GlobalSection(ExtensibilityGlobals) = postSolution
		SolutionGuid = {3B1A60D5-7FEE-4810-9A75-ABA00E46E118}
	EndGlobalSection
EndGlobal
